
Microsoft Visual Studio Solution File, Format Version 12.00
Project("{FAE04EC0-301F-11D3-BF4B-00C04F79EFBC}") = "KetAPI", "KetAPI\KetAPI.csproj", "{CE30E7A8-3030-4552-9116-E67700AF7A8E}"
EndProject
Global
	GlobalSection(SolutionConfigurationPlatforms) = preSolution
		Debug|Any CPU = Debug|Any CPU
		Release|Any CPU = Release|Any CPU
	EndGlobalSection
	GlobalSection(ProjectConfigurationPlatforms) = postSolution
		{D5975E42-47E3-4418-B755-CCE60E129594}.Debug|Any CPU.ActiveCfg = Debug|Any CPU
		{D5975E42-47E3-4418-B755-CCE60E129594}.Debug|Any CPU.Build.0 = Debug|Any CPU
		{D5975E42-47E3-4418-B755-CCE60E129594}.Release|Any CPU.ActiveCfg = Release|Any CPU
		{D5975E42-47E3-4418-B755-CCE60E129594}.Release|Any CPU.Build.0 = Release|Any CPU
		{CE30E7A8-3030-4552-9116-E67700AF7A8E}.Debug|Any CPU.ActiveCfg = Debug|Any CPU
		{CE30E7A8-3030-4552-9116-E67700AF7A8E}.Debug|Any CPU.Build.0 = Debug|Any CPU
		{CE30E7A8-3030-4552-9116-E67700AF7A8E}.Release|Any CPU.ActiveCfg = Release|Any CPU
		{CE30E7A8-3030-4552-9116-E67700AF7A8E}.Release|Any CPU.Build.0 = Release|Any CPU
	EndGlobalSection
EndGlobal
